<?xml version="1.0" encoding="utf-8"?>
<Project ToolsVersion="4.0" xmlns="http://schemas.microsoft.com/developer/msbuild/2003">
  <ItemGroup>
    <Filter Include="소스 파일">
      <UniqueIdentifier>{4FC737F1-C7A5-4376-A066-2A32D752A2FF}</UniqueIdentifier>
      <Extensions>cpp;c;cc;cxx;def;odl;idl;hpj;bat;asm;asmx</Extensions>
    </Filter>
    <Filter Include="헤더 파일">
      <UniqueIdentifier>{93995380-89BD-4b04-88EB-625FBE52EBFB}</UniqueIdentifier>
      <Extensions>h;hh;hpp;hxx;hm;inl;inc;ipp;xsd</Extensions>
    </Filter>
    <Filter Include="리소스 파일">
      <UniqueIdentifier>{67DA6AB6-F800-4c08-8B7A-83BB121AAD01}</UniqueIdentifier>
      <Extensions>rc;ico;cur;bmp;dlg;rc2;rct;bin;rgs;gif;jpg;jpeg;jpe;resx;tiff;tif;png;wav;mfcribbon-ms</Extensions>
    </Filter>
    <Filter Include="소스 파일\IO">
      <UniqueIdentifier>{2a8e6592-53bf-4315-8057-dcf211109dab}</UniqueIdentifier>
    </Filter>
    <Filter Include="소스 파일\DataStructure1">
      <UniqueIdentifier>{a95dc026-ef8c-4b5a-a6c7-d36270e691dc}</UniqueIdentifier>
    </Filter>
    <Filter Include="소스 파일\DP1">
      <UniqueIdentifier>{eaf7cfa3-3721-44a7-9cb3-359da21eff70}</UniqueIdentifier>
    </Filter>
    <Filter Include="소스 파일\Math1">
      <UniqueIdentifier>{8b623a32-7ae1-4ecb-a8b1-2598aab4345b}</UniqueIdentifier>
    </Filter>
    <Filter Include="소스 파일\Graph">
      <UniqueIdentifier>{8af4d3d2-93c2-4b69-aace-8feec8d38c71}</UniqueIdentifier>
    </Filter>
    <Filter Include="소스 파일\test">
      <UniqueIdentifier>{b3a15477-3da3-42de-8750-3c4dc9ca1b2f}</UniqueIdentifier>
    </Filter>
    <Filter Include="소스 파일\WinterCoding">
      <UniqueIdentifier>{cb4d72f8-9543-4cd7-bd86-c0e206cd820f}</UniqueIdentifier>
    </Filter>
    <Filter Include="소스 파일\Greedy">
      <UniqueIdentifier>{e2e3fd61-3af7-4e77-b419-c8bf912292e3}</UniqueIdentifier>
    </Filter>
    <Filter Include="소스 파일\DivedeConquer">
      <UniqueIdentifier>{894b66fc-3bd1-4ff4-8391-5e699463f46e}</UniqueIdentifier>
    </Filter>
  </ItemGroup>
  <ItemGroup>
    <ClCompile Include="DataStructure1\9012_brace.cpp">
      <Filter>소스 파일\DataStructure1</Filter>
    </ClCompile>
    <ClCompile Include="DataStructure1\10799_IronStick.cpp">
      <Filter>소스 파일\DataStructure1</Filter>
    </ClCompile>
    <ClCompile Include="DataStructure1\10799_IronStick_Stack.cpp">
      <Filter>소스 파일\DataStructure1</Filter>
    </ClCompile>
    <ClCompile Include="IO\11720_sum_of_num.cpp">
      <Filter>소스 파일\IO</Filter>
    </ClCompile>
    <ClCompile Include="IO\11721_print_ten_char.cpp">
      <Filter>소스 파일\IO</Filter>
    </ClCompile>
    <ClCompile Include="IO\A+B_3.cpp">
      <Filter>소스 파일\IO</Filter>
    </ClCompile>
    <ClCompile Include="IO\A+B_4.cpp">
      <Filter>소스 파일\IO</Filter>
    </ClCompile>
    <ClCompile Include="IO\printSame.cpp">
      <Filter>소스 파일\IO</Filter>
    </ClCompile>
    <ClCompile Include="DataStructure1\1406_editor_stack.cpp">
      <Filter>소스 파일\DataStructure1</Filter>
    </ClCompile>
    <ClCompile Include="DataStructure1\1158_josephus_queue.cpp">
      <Filter>소스 파일\DataStructure1</Filter>
    </ClCompile>
    <ClCompile Include="DataStructure1\2743_wordLength.cpp">
      <Filter>소스 파일\DataStructure1</Filter>
    </ClCompile>
    <ClCompile Include="DataStructure1\11655_ROT13.cpp">
      <Filter>소스 파일\DataStructure1</Filter>
    </ClCompile>
    <ClCompile Include="DynamicProgramming1\1463_make_1.cpp">
      <Filter>소스 파일\DP1</Filter>
    </ClCompile>
    <ClCompile Include="DynamicProgramming1\11726_2xn_tile.cpp">
      <Filter>소스 파일\DP1</Filter>
    </ClCompile>
    <ClCompile Include="DynamicProgramming1\11727_2xn_tile2.cpp">
      <Filter>소스 파일\DP1</Filter>
    </ClCompile>
    <ClCompile Include="DynamicProgramming1\9095_sumOf123.cpp">
      <Filter>소스 파일\DP1</Filter>
    </ClCompile>
    <ClCompile Include="DynamicProgramming1\11052_buy_card.cpp">
      <Filter>소스 파일\DP1</Filter>
    </ClCompile>
    <ClCompile Include="DynamicProgramming1\2156_drink_wine.cpp">
      <Filter>소스 파일\DP1</Filter>
    </ClCompile>
    <ClCompile Include="DynamicProgramming1\11058_ascending_number.cpp">
      <Filter>소스 파일\DP1</Filter>
    </ClCompile>
    <ClCompile Include="DynamicProgramming1\2193_pinary_number.cpp">
      <Filter>소스 파일\DP1</Filter>
    </ClCompile>
    <ClCompile Include="DynamicProgramming1\10844_easy_stair_num.cpp">
      <Filter>소스 파일\DP1</Filter>
    </ClCompile>
    <ClCompile Include="Math\6588_goldbach.cpp">
      <Filter>소스 파일\Math1</Filter>
    </ClCompile>
    <ClCompile Include="Graph\1260_DFS_BFS.cpp">
      <Filter>소스 파일\Graph</Filter>
    </ClCompile>
    <ClCompile Include="test\test.cpp">
      <Filter>소스 파일\test</Filter>
    </ClCompile>
    <ClCompile Include="Graph\11724_Connected_Component.cpp">
      <Filter>소스 파일\Graph</Filter>
    </ClCompile>
    <ClCompile Include="Graph\10451_Permutaiton_Cycle.cpp">
      <Filter>소스 파일\Graph</Filter>
    </ClCompile>
    <ClCompile Include="test\DFS_stack_adList.cpp">
      <Filter>소스 파일\test</Filter>
    </ClCompile>
    <ClCompile Include="test\DFS_stack_Permutation.cpp">
      <Filter>소스 파일\test</Filter>
    </ClCompile>
    <ClCompile Include="test\1038_descending_num.cpp">
      <Filter>소스 파일\test</Filter>
    </ClCompile>
    <ClCompile Include="Graph\7576_tomato.cpp">
      <Filter>소스 파일\Graph</Filter>
    </ClCompile>
    <ClCompile Include="Graph\9466_make_team.cpp">
      <Filter>소스 파일\Graph</Filter>
    </ClCompile>
    <ClCompile Include="Graph\9466_2_make_team.cpp">
      <Filter>소스 파일\Graph</Filter>
    </ClCompile>
    <ClCompile Include="WinterCoding\WinterCoding1.cpp">
      <Filter>소스 파일\WinterCoding</Filter>
    </ClCompile>
    <ClCompile Include="WinterCoding\WinterCoding2.cpp">
      <Filter>소스 파일\WinterCoding</Filter>
    </ClCompile>
    <ClCompile Include="WinterCoding\WinterCoding3.cpp">
      <Filter>소스 파일\WinterCoding</Filter>
    </ClCompile>
    <ClCompile Include="Greedy\11047_coin.cpp">
      <Filter>소스 파일\Greedy</Filter>
    </ClCompile>
    <ClCompile Include="Greedy\11399_ATM.cpp">
      <Filter>소스 파일\Greedy</Filter>
    </ClCompile>
    <ClCompile Include="Greedy\1931_allocate_room.cpp">
      <Filter>소스 파일\Greedy</Filter>
    </ClCompile>
    <ClCompile Include="Greedy\2873_rollercoster.cpp">
      <Filter>소스 파일\Greedy</Filter>
    </ClCompile>
    <ClCompile Include="Greedy\1080_match_matrix.cpp">
      <Filter>소스 파일\Greedy</Filter>
    </ClCompile>
    <ClCompile Include="test\CodingTest_1.cpp">
      <Filter>소스 파일\test</Filter>
    </ClCompile>
    <ClCompile Include="test\CodingTest_2.cpp">
      <Filter>소스 파일\test</Filter>
    </ClCompile>
    <ClCompile Include="test\CodingTest_3.cpp">
      <Filter>소스 파일\test</Filter>
    </ClCompile>
    <ClCompile Include="DivedConquer\10816_NumCard2.cpp">
      <Filter>소스 파일\DivedeConquer</Filter>
    </ClCompile>
    <ClCompile Include="DivedConquer\11728_MergeArr.cpp">
      <Filter>소스 파일\DivedeConquer</Filter>
    </ClCompile>
    <ClCompile Include="DivedConquer\1074_Z.cpp">
      <Filter>소스 파일\DivedeConquer</Filter>
    </ClCompile>
    <ClCompile Include="DataStructure1\9935_explode_string.cpp">
      <Filter>소스 파일\DataStructure1</Filter>
    </ClCompile>
    <ClCompile Include="DivedConquer\1517_BubbleSort.cpp">
      <Filter>소스 파일\DivedeConquer</Filter>
    </ClCompile>
  </ItemGroup>
</Project>